// !$*UTF8*$!
{
	archiveVersion = 1;
	classes = {
	};
	objectVersion = 46;
	objects = {

/* Begin PBXBuildFile section */
		F4AEE0041F9E7F130033858E /* AppDelegate.swift in Sources */ = {isa = PBXBuildFile; fileRef = F4AEE0031F9E7F130033858E /* AppDelegate.swift */; };
		F4AEE0061F9E7F130033858E /* ViewController.swift in Sources */ = {isa = PBXBuildFile; fileRef = F4AEE0051F9E7F130033858E /* ViewController.swift */; };
		F4AEE0091F9E7F130033858E /* Main.storyboard in Resources */ = {isa = PBXBuildFile; fileRef = F4AEE0071F9E7F130033858E /* Main.storyboard */; };
		F4AEE00B1F9E7F130033858E /* Assets.xcassets in Resources */ = {isa = PBXBuildFile; fileRef = F4AEE00A1F9E7F130033858E /* Assets.xcassets */; };
		F4AEE00E1F9E7F130033858E /* LaunchScreen.storyboard in Resources */ = {isa = PBXBuildFile; fileRef = F4AEE00C1F9E7F130033858E /* LaunchScreen.storyboard */; };
		F4AEE0171F9E7FBC0033858E /* CustomCellCollectionViewCell.swift in Sources */ = {isa = PBXBuildFile; fileRef = F4AEE0151F9E7FBC0033858E /* CustomCellCollectionViewCell.swift */; };
		F4AEE0181F9E7FBC0033858E /* CustomCellCollectionViewCell.xib in Resources */ = {isa = PBXBuildFile; fileRef = F4AEE0161F9E7FBC0033858E /* CustomCellCollectionViewCell.xib */; };
/* End PBXBuildFile section */

/* Begin PBXFileReference section */
		F4AEE0001F9E7F130033858E /* CollectionViewTest.app */ = {isa = PBXFileReference; explicitFileType = wrapper.application; includeInIndex = 0; path = CollectionViewTest.app; sourceTree = BUILT_PRODUCTS_DIR; };
		F4AEE0031F9E7F130033858E /* AppDelegate.swift */ = {isa = PBXFileReference; lastKnownFileType = sourcecode.swift; path = AppDelegate.swift; sourceTree = "<group>"; };
		F4AEE0051F9E7F130033858E /* ViewController.swift */ = {isa = PBXFileReference; lastKnownFileType = sourcecode.swift; path = ViewController.swift; sourceTree = "<group>"; };
		F4AEE0081F9E7F130033858E /* Base */ = {isa = PBXFileReference; lastKnownFileType = file.storyboard; name = Base; path = Base.lproj/Main.storyboard; sourceTree = "<group>"; };
		F4AEE00A1F9E7F130033858E /* Assets.xcassets */ = {isa = PBXFileReference; lastKnownFileType = folder.assetcatalog; path = Assets.xcassets; sourceTree = "<group>"; };
		F4AEE00D1F9E7F130033858E /* Base */ = {isa = PBXFileReference; lastKnownFileType = file.storyboard; name = Base; path = Base.lproj/LaunchScreen.storyboard; sourceTree = "<group>"; };
		F4AEE00F1F9E7F130033858E /* Info.plist */ = {isa = PBXFileReference; lastKnownFileType = text.plist.xml; path = Info.plist; sourceTree = "<group>"; };
		F4AEE0151F9E7FBC0033858E /* CustomCellCollectionViewCell.swift */ = {isa = PBXFileReference; fileEncoding = 4; lastKnownFileType = sourcecode.swift; path = CustomCellCollectionViewCell.swift; sourceTree = "<group>"; };
		F4AEE0161F9E7FBC0033858E /* CustomCellCollectionViewCell.xib */ = {isa = PBXFileReference; fileEncoding = 4; lastKnownFileType = file.xib; path = CustomCellCollectionViewCell.xib; sourceTree = "<group>"; };
/* End PBXFileReference section */

/* Begin PBXFrameworksBuildPhase section */
		F4AEDFFD1F9E7F130033858E /* Frameworks */ = {
			isa = PBXFrameworksBuildPhase;
			buildActionMask = 2147483647;
			files = (
			);
			runOnlyForDeploymentPostprocessing = 0;
		};
/* End PBXFrameworksBuildPhase section */

/* Begin PBXGroup section */
		F4AEDFF71F9E7F130033858E = {
			isa = PBXGroup;
			children = (
				F4AEE0021F9E7F130033858E /* CollectionViewTest */,
				F4AEE0011F9E7F130033858E /* Products */,
			);
			sourceTree = "<group>";
		};
		F4AEE0011F9E7F130033858E /* Products */ = {
			isa = PBXGroup;
			children = (
				F4AEE0001F9E7F130033858E /* CollectionViewTest.app */,
			);
			name = Products;
			sourceTree = "<group>";
		};
		F4AEE0021F9E7F130033858E /* CollectionViewTest */ = {
			isa = PBXGroup;
			children = (
				F4AEE0031F9E7F130033858E /* AppDelegate.swift */,
				F4AEE0051F9E7F130033858E /* ViewController.swift */,
				F4AEE0071F9E7F130033858E /* Main.storyboard */,
				F4AEE00A1F9E7F130033858E /* Assets.xcassets */,
				F4AEE00C1F9E7F130033858E /* LaunchScreen.storyboard */,
				F4AEE00F1F9E7F130033858E /* Info.plist */,
				F4AEE0151F9E7FBC0033858E /* CustomCellCollectionViewCell.swift */,
				F4AEE0161F9E7FBC0033858E /* CustomCellCollectionViewCell.xib */,
			);
			path = CollectionViewTest;
			sourceTree = "<group>";
		};
/* End PBXGroup section */

/* Begin PBXNativeTarget section */
		F4AEDFFF1F9E7F130033858E /* CollectionViewTest */ = {
			isa = PBXNativeTarget;
			buildConfigurationList = F4AEE0121F9E7F130033858E /* Build configuration list for PBXNativeTarget "CollectionViewTest" */;
			buildPhases = (
				F4AEDFFC1F9E7F130033858E /* Sources */,
				F4AEDFFD1F9E7F130033858E /* Frameworks */,
				F4AEDFFE1F9E7F130033858E /* Resources */,
			);
			buildRules = (
			);
			dependencies = (
			);
			name = CollectionViewTest;
			productName = CollectionViewTest;
			productReference = F4AEE0001F9E7F130033858E /* CollectionViewTest.app */;
			productType = "com.apple.product-type.application";
		};
/* End PBXNativeTarget section */

/* Begin PBXProject section */
		F4AEDFF81F9E7F130033858E /* Project object */ = {
			isa = PBXProject;
			attributes = {
				LastSwiftUpdateCheck = 0830;
				LastUpgradeCheck = 0830;
				ORGANIZATIONNAME = "Joe Susnick";
				TargetAttributes = {
					F4AEDFFF1F9E7F130033858E = {
						CreatedOnToolsVersion = 8.3.3;
						DevelopmentTeam = NEL58AT86X;
						ProvisioningStyle = Automatic;
					};
				};
			};
			buildConfigurationList = F4AEDFFB1F9E7F130033858E /* Build configuration list for PBXProject "CollectionViewTest" */;
			compatibilityVersion = "Xcode 3.2";
			developmentRegion = English;
			hasScannedForEncodings = 0;
			knownRegions = (
				en,
				Base,
			);
			mainGroup = F4AEDFF71F9E7F130033858E;
			productRefGroup = F4AEE0011F9E7F130033858E /* Products */;
			projectDirPath = "";
			projectRoot = "";
			targets = (
				F4AEDFFF1F9E7F130033858E /* CollectionViewTest */,
			);
		};
/* End PBXProject section */

/* Begin PBXResourcesBuildPhase section */
		F4AEDFFE1F9E7F130033858E /* Resources */ = {
			isa = PBXResourcesBuildPhase;
			buildActionMask = 2147483647;
			files = (
				F4AEE00E1F9E7F130033858E /* LaunchScreen.storyboard in Resources */,
				F4AEE00B1F9E7F130033858E /* Assets.xcassets in Resources */,
				F4AEE0181F9E7FBC0033858E /* CustomCellCollectionViewCell.xib in Resources */,
				F4AEE0091F9E7F130033858E /* Main.storyboard in Resources */,
			);
			runOnlyForDeploymentPostprocessing = 0;
		};
/* End PBXResourcesBuildPhase section */

/* Begin PBXSourcesBuildPhase section */
		F4AEDFFC1F9E7F130033858E /* Sources */ = {
			isa = PBXSourcesBuildPhase;
			buildActionMask = 2147483647;
			files = (
				F4AEE0061F9E7F130033858E /* ViewController.swift in Sources */,
				F4AEE0041F9E7F130033858E /* AppDelegate.swift in Sources */,
				F4AEE0171F9E7FBC0033858E /* CustomCellCollectionViewCell.swift in Sources */,
			);
			runOnlyForDeploymentPostprocessing = 0;
		};
/* End PBXSourcesBuildPhase section */

/* Begin PBXVariantGroup section */
		F4AEE0071F9E7F130033858E /* Main.storyboard */ = {
			isa = PBXVariantGroup;
			children = (
				F4AEE0081F9E7F130033858E /* Base */,
			);
			name = Main.storyboard;
			sourceTree = "<group>";
		};
		F4AEE00C1F9E7F130033858E /* LaunchScreen.storyboard */ = {
			isa = PBXVariantGroup;
			children = (
				F4AEE00D1F9E7F130033858E /* Base */,
			);
			name = LaunchScreen.storyboard;
			sourceTree = "<group>";
		};
/* End PBXVariantGroup section */

/* Begin XCBuildConfiguration section */
		F4AEE0101F9E7F130033858E /* Debug */ = {
			isa = XCBuildConfiguration;
			buildSettings = {
				ALWAYS_SEARCH_USER_PATHS = NO;
				CLANG_ANALYZER_NONNULL = YES;
				CLANG_ANALYZER_NUMBER_OBJECT_CONVERSION = YES_AGGRESSIVE;
				CLANG_CXX_LANGUAGE_STANDARD = "gnu++0x";
				CLANG_CXX_LIBRARY = "libc++";
				CLANG_ENABLE_MODULES = YES;
				CLANG_ENABLE_OBJC_ARC = YES;
				CLANG_WARN_BOOL_CONVERSION = YES;
				CLANG_WARN_CONSTANT_CONVERSION = YES;
				CLANG_WARN_DIRECT_OBJC_ISA_USAGE = YES_ERROR;
				CLANG_WARN_DOCUMENTATION_COMMENTS = YES;
				CLANG_WARN_EMPTY_BODY = YES;
				CLANG_WARN_ENUM_CONVERSION = YES;
				CLANG_WARN_INFINITE_RECURSION = YES;
				CLANG_WARN_INT_CONVERSION = YES;
				CLANG_WARN_OBJC_ROOT_CLASS = YES_ERROR;
				CLANG_WARN_SUSPICIOUS_MOVE = YES;
				CLANG_WARN_UNREACHABLE_CODE = YES;
				CLANG_WARN__DUPLICATE_METHOD_MATCH = YES;
				"CODE_SIGN_IDENTITY[sdk=iphoneos*]" = "iPhone Developer";
				COPY_PHASE_STRIP = NO;
				DEBUG_INFORMATION_FORMAT = dwarf;
				ENABLE_STRICT_OBJC_MSGSEND = YES;
				ENABLE_TESTABILITY = YES;
				GCC_C_LANGUAGE_STANDARD = gnu99;
				GCC_DYNAMIC_NO_PIC = NO;
				GCC_NO_COMMON_BLOCKS = YES;
				GCC_OPTIMIZATION_LEVEL = 0;
				GCC_PREPROCESSOR_DEFINITIONS = (
					"DEBUG=1",
					"$(inherited)",
				);
				GCC_WARN_64_TO_32_BIT_CONVERSION = YES;
				GCC_WARN_ABOUT_RETURN_TYPE = YES_ERROR;
				GCC_WARN_UNDECLARED_SELECTOR = YES;
				GCC_WARN_UNINITIALIZED_AUTOS = YES_AGGRESSIVE;
				GCC_WARN_UNUSED_FUNCTION = YES;
				GCC_WARN_UNUSED_VARIABLE = YES;
				IPHONEOS_DEPLOYMENT_TARGET = 10.3;
				MTL_ENABLE_DEBUG_INFO = YES;
				ONLY_ACTIVE_ARCH = YES;
				SDKROOT = iphoneos;
				SWIFT_ACTIVE_COMPILATION_CONDITIONS = DEBUG;
				SWIFT_OPTIMIZATION_LEVEL = "-Onone";
				TARGETED_DEVICE_FAMILY = "1,2";
			};
			name = Debug;
		};
		F4AEE0111F9E7F130033858E /* Release */ = {
			isa = XCBuildConfiguration;
			buildSettings = {
				ALWAYS_SEARCH_USER_PATHS = NO;
				CLANG_ANALYZER_NONNULL = YES;
				CLANG_ANALYZER_NUMBER_OBJECT_CONVERSION = YES_AGGRESSIVE;
				CLANG_CXX_LANGUAGE_STANDARD = "gnu++0x";
				CLANG_CXX_LIBRARY = "libc++";
				CLANG_ENABLE_MODULES = YES;
				CLANG_ENABLE_OBJC_ARC = YES;
				CLANG_WARN_BOOL_CONVERSION = YES;
				CLANG_WARN_CONSTANT_CONVERSION = YES;
				CLANG_WARN_DIRECT_OBJC_ISA_USAGE = YES_ERROR;
				CLANG_WARN_DOCUMENTATION_COMMENTS = YES;
				CLANG_WARN_EMPTY_BODY = YES;
				CLANG_WARN_ENUM_CONVERSION = YES;
				CLANG_WARN_INFINITE_RECURSION = YES;
				CLANG_WARN_INT_CONVERSION = YES;
				CLANG_WARN_OBJC_ROOT_CLASS = YES_ERROR;
				CLANG_WARN_SUSPICIOUS_MOVE = YES;
				CLANG_WARN_UNREACHABLE_CODE = YES;
				CLANG_WARN__DUPLICATE_METHOD_MATCH = YES;
				"CODE_SIGN_IDENTITY[sdk=iphoneos*]" = "iPhone Developer";
				COPY_PHASE_STRIP = NO;
				DEBUG_INFORMATION_FORMAT = "dwarf-with-dsym";
				ENABLE_NS_ASSERTIONS = NO;
				ENABLE_STRICT_OBJC_MSGSEND = YES;
				GCC_C_LANGUAGE_STANDARD = gnu99;
				GCC_NO_COMMON_BLOCKS = YES;
				GCC_WARN_64_TO_32_BIT_CONVERSION = YES;
				GCC_WARN_ABOUT_RETURN_TYPE = YES_ERROR;
				GCC_WARN_UNDECLARED_SELECTOR = YES;
				GCC_WARN_UNINITIALIZED_AUTOS = YES_AGGRESSIVE;
				GCC_WARN_UNUSED_FUNCTION = YES;
				GCC_WARN_UNUSED_VARIABLE = YES;
				IPHONEOS_DEPLOYMENT_TARGET = 10.3;
				MTL_ENABLE_DEBUG_INFO = NO;
				SDKROOT = iphoneos;
				SWIFT_OPTIMIZATION_LEVEL = "-Owholemodule";
				TARGETED_DEVICE_FAMILY = "1,2";
				VALIDATE_PRODUCT = YES;
			};
			name = Release;
		};
		F4AEE0131F9E7F130033858E /* Debug */ = {
			isa = XCBuildConfiguration;
			buildSettings = {
				ASSETCATALOG_COMPILER_APPICON_NAME = AppIcon;
				DEVELOPMENT_TEAM = NEL58AT86X;
				INFOPLIST_FILE = CollectionViewTest/Info.plist;
				LD_RUNPATH_SEARCH_PATHS = "$(inherited) @executable_path/Frameworks";
				PRODUCT_BUNDLE_IDENTIFIER = com.joesus.CollectionViewTest;
				PRODUCT_NAME = "$(TARGET_NAME)";
				SWIFT_VERSION = 3.0;
			};
			name = Debug;
		};
		F4AEE0141F9E7F130033858E /* Release */ = {
			isa = XCBuildConfiguration;
			buildSettings = {
				ASSETCATALOG_COMPILER_APPICON_NAME = AppIcon;
				DEVELOPMENT_TEAM = NEL58AT86X;
				INFOPLIST_FILE = CollectionViewTest/Info.plist;
				LD_RUNPATH_SEARCH_PATHS = "$(inherited) @executable_path/Frameworks";
				PRODUCT_BUNDLE_IDENTIFIER = com.joesus.CollectionViewTest;
				PRODUCT_NAME = "$(TARGET_NAME)";
				SWIFT_VERSION = 3.0;
			};
			name = Release;
		};
/* End XCBuildConfiguration section */

/* Begin XCConfigurationList section */
		F4AEDFFB1F9E7F130033858E /* Build configuration list for PBXProject "CollectionViewTest" */ = {
			isa = XCConfigurationList;
			buildConfigurations = (
				F4AEE0101F9E7F130033858E /* Debug */,
				F4AEE0111F9E7F130033858E /* Release */,
			);
			defaultConfigurationIsVisible = 0;
			defaultConfigurationName = Release;
		};
		F4AEE0121F9E7F130033858E /* Build configuration list for PBXNativeTarget "CollectionViewTest" */ = {
			isa = XCConfigurationList;
			buildConfigurations = (
				F4AEE0131F9E7F130033858E /* Debug */,
				F4AEE0141F9E7F130033858E /* Release */,
			);
			defaultConfigurationIsVisible = 0;
		};
/* End XCConfigurationList section */
	};
	rootObject = F4AEDFF81F9E7F130033858E /* Project object */;
}
